// !$*UTF8*$!
{
	archiveVersion = 1;
	classes = {
	};
	objectVersion = 55;
	objects = {

/* Begin PBXBuildFile section */
		5C1D9F0027809E3D0077B8CC /* Post.swift in Sources */ = {isa = PBXBuildFile; fileRef = 5C1D9EFD27809E3D0077B8CC /* Post.swift */; };
		5C1D9F0127809E3D0077B8CC /* RedditView.swift in Sources */ = {isa = PBXBuildFile; fileRef = 5C1D9EFE27809E3D0077B8CC /* RedditView.swift */; };
		5C1D9F0227809E3D0077B8CC /* HomeFeed.swift in Sources */ = {isa = PBXBuildFile; fileRef = 5C1D9EFF27809E3D0077B8CC /* HomeFeed.swift */; };
		5C5B7BB2277E2AC600A75897 /* AirtagView.swift in Sources */ = {isa = PBXBuildFile; fileRef = 5C5B7BB1277E2AC600A75897 /* AirtagView.swift */; };
		5CCCC44B277472B400ED40CD /* PlaceList.swift in Sources */ = {isa = PBXBuildFile; fileRef = 5CCCC44A277472B400ED40CD /* PlaceList.swift */; };
		5CEE3954277319CD00EB5845 /* DesignRemakesApp.swift in Sources */ = {isa = PBXBuildFile; fileRef = 5CEE3953277319CD00EB5845 /* DesignRemakesApp.swift */; };
		5CEE3956277319CD00EB5845 /* ContentView.swift in Sources */ = {isa = PBXBuildFile; fileRef = 5CEE3955277319CD00EB5845 /* ContentView.swift */; };
		5CEE3958277319CE00EB5845 /* Assets.xcassets in Resources */ = {isa = PBXBuildFile; fileRef = 5CEE3957277319CE00EB5845 /* Assets.xcassets */; };
		5CEE395B277319CE00EB5845 /* Preview Assets.xcassets in Resources */ = {isa = PBXBuildFile; fileRef = 5CEE395A277319CE00EB5845 /* Preview Assets.xcassets */; };
		5CEE3962277319D800EB5845 /* LoginView.swift in Sources */ = {isa = PBXBuildFile; fileRef = 5CEE3961277319D800EB5845 /* LoginView.swift */; };
/* End PBXBuildFile section */

/* Begin PBXFileReference section */
		5C1D9EFD27809E3D0077B8CC /* Post.swift */ = {isa = PBXFileReference; fileEncoding = 4; lastKnownFileType = sourcecode.swift; path = Post.swift; sourceTree = "<group>"; };
		5C1D9EFE27809E3D0077B8CC /* RedditView.swift */ = {isa = PBXFileReference; fileEncoding = 4; lastKnownFileType = sourcecode.swift; path = RedditView.swift; sourceTree = "<group>"; };
		5C1D9EFF27809E3D0077B8CC /* HomeFeed.swift */ = {isa = PBXFileReference; fileEncoding = 4; lastKnownFileType = sourcecode.swift; path = HomeFeed.swift; sourceTree = "<group>"; };
		5C5B7BB1277E2AC600A75897 /* AirtagView.swift */ = {isa = PBXFileReference; lastKnownFileType = sourcecode.swift; path = AirtagView.swift; sourceTree = "<group>"; };
		5CCCC44A277472B400ED40CD /* PlaceList.swift */ = {isa = PBXFileReference; lastKnownFileType = sourcecode.swift; path = PlaceList.swift; sourceTree = "<group>"; };
		5CEE3950277319CD00EB5845 /* DesignRemakes.app */ = {isa = PBXFileReference; explicitFileType = wrapper.application; includeInIndex = 0; path = DesignRemakes.app; sourceTree = BUILT_PRODUCTS_DIR; };
		5CEE3953277319CD00EB5845 /* DesignRemakesApp.swift */ = {isa = PBXFileReference; lastKnownFileType = sourcecode.swift; path = DesignRemakesApp.swift; sourceTree = "<group>"; };
		5CEE3955277319CD00EB5845 /* ContentView.swift */ = {isa = PBXFileReference; lastKnownFileType = sourcecode.swift; path = ContentView.swift; sourceTree = "<group>"; };
		5CEE3957277319CE00EB5845 /* Assets.xcassets */ = {isa = PBXFileReference; lastKnownFileType = folder.assetcatalog; path = Assets.xcassets; sourceTree = "<group>"; };
		5CEE395A277319CE00EB5845 /* Preview Assets.xcassets */ = {isa = PBXFileReference; lastKnownFileType = folder.assetcatalog; path = "Preview Assets.xcassets"; sourceTree = "<group>"; };
		5CEE3961277319D800EB5845 /* LoginView.swift */ = {isa = PBXFileReference; lastKnownFileType = sourcecode.swift; path = LoginView.swift; sourceTree = "<group>"; };
/* End PBXFileReference section */

/* Begin PBXFrameworksBuildPhase section */
		5CEE394D277319CD00EB5845 /* Frameworks */ = {
			isa = PBXFrameworksBuildPhase;
			buildActionMask = 2147483647;
			files = (
			);
			runOnlyForDeploymentPostprocessing = 0;
		};
/* End PBXFrameworksBuildPhase section */

/* Begin PBXGroup section */
		5C1D9EF927809E0A0077B8CC /* Reddit */ = {
			isa = PBXGroup;
			children = (
				5C1D9EFE27809E3D0077B8CC /* RedditView.swift */,
				5C1D9EFF27809E3D0077B8CC /* HomeFeed.swift */,
				5C1D9EFD27809E3D0077B8CC /* Post.swift */,
			);
			path = Reddit;
			sourceTree = "<group>";
		};
		5C1D9EFA27809E120077B8CC /* Airtag */ = {
			isa = PBXGroup;
			children = (
				5C5B7BB1277E2AC600A75897 /* AirtagView.swift */,
			);
			path = Airtag;
			sourceTree = "<group>";
		};
		5C1D9EFB27809E160077B8CC /* Login */ = {
			isa = PBXGroup;
			children = (
				5CEE3961277319D800EB5845 /* LoginView.swift */,
			);
			path = Login;
			sourceTree = "<group>";
		};
		5C1D9EFC27809E1B0077B8CC /* Places */ = {
			isa = PBXGroup;
			children = (
				5CCCC44A277472B400ED40CD /* PlaceList.swift */,
			);
			path = Places;
			sourceTree = "<group>";
		};
		5CEE3947277319CD00EB5845 = {
			isa = PBXGroup;
			children = (
				5CEE3952277319CD00EB5845 /* DesignRemakes */,
				5CEE3951277319CD00EB5845 /* Products */,
			);
			sourceTree = "<group>";
		};
		5CEE3951277319CD00EB5845 /* Products */ = {
			isa = PBXGroup;
			children = (
				5CEE3950277319CD00EB5845 /* DesignRemakes.app */,
			);
			name = Products;
			sourceTree = "<group>";
		};
		5CEE3952277319CD00EB5845 /* DesignRemakes */ = {
			isa = PBXGroup;
			children = (
				5C1D9EFC27809E1B0077B8CC /* Places */,
				5C1D9EFB27809E160077B8CC /* Login */,
				5C1D9EFA27809E120077B8CC /* Airtag */,
				5C1D9EF927809E0A0077B8CC /* Reddit */,
				5CEE3953277319CD00EB5845 /* DesignRemakesApp.swift */,
				5CEE3955277319CD00EB5845 /* ContentView.swift */,
				5CEE3957277319CE00EB5845 /* Assets.xcassets */,
				5CEE3959277319CE00EB5845 /* Preview Content */,
			);
			path = DesignRemakes;
			sourceTree = "<group>";
		};
		5CEE3959277319CE00EB5845 /* Preview Content */ = {
			isa = PBXGroup;
			children = (
				5CEE395A277319CE00EB5845 /* Preview Assets.xcassets */,
			);
			path = "Preview Content";
			sourceTree = "<group>";
		};
/* End PBXGroup section */

/* Begin PBXNativeTarget section */
		5CEE394F277319CD00EB5845 /* DesignRemakes */ = {
			isa = PBXNativeTarget;
			buildConfigurationList = 5CEE395E277319CE00EB5845 /* Build configuration list for PBXNativeTarget "DesignRemakes" */;
			buildPhases = (
				5CEE394C277319CD00EB5845 /* Sources */,
				5CEE394D277319CD00EB5845 /* Frameworks */,
				5CEE394E277319CD00EB5845 /* Resources */,
			);
			buildRules = (
			);
			dependencies = (
			);
			name = DesignRemakes;
			productName = DesignRemakes;
			productReference = 5CEE3950277319CD00EB5845 /* DesignRemakes.app */;
			productType = "com.apple.product-type.application";
		};
/* End PBXNativeTarget section */

/* Begin PBXProject section */
		5CEE3948277319CD00EB5845 /* Project object */ = {
			isa = PBXProject;
			attributes = {
				BuildIndependentTargetsInParallel = 1;
				LastSwiftUpdateCheck = 1320;
				LastUpgradeCheck = 1320;
				TargetAttributes = {
					5CEE394F277319CD00EB5845 = {
						CreatedOnToolsVersion = 13.2;
					};
				};
			};
			buildConfigurationList = 5CEE394B277319CD00EB5845 /* Build configuration list for PBXProject "DesignRemakes" */;
			compatibilityVersion = "Xcode 13.0";
			developmentRegion = en;
			hasScannedForEncodings = 0;
			knownRegions = (
				en,
				Base,
			);
			mainGroup = 5CEE3947277319CD00EB5845;
			productRefGroup = 5CEE3951277319CD00EB5845 /* Products */;
			projectDirPath = "";
			projectRoot = "";
			targets = (
				5CEE394F277319CD00EB5845 /* DesignRemakes */,
			);
		};
/* End PBXProject section */

/* Begin PBXResourcesBuildPhase section */
		5CEE394E277319CD00EB5845 /* Resources */ = {
			isa = PBXResourcesBuildPhase;
			buildActionMask = 2147483647;
			files = (
				5CEE395B277319CE00EB5845 /* Preview Assets.xcassets in Resources */,
				5CEE3958277319CE00EB5845 /* Assets.xcassets in Resources */,
			);
			runOnlyForDeploymentPostprocessing = 0;
		};
/* End PBXResourcesBuildPhase section */

/* Begin PBXSourcesBuildPhase section */
		5CEE394C277319CD00EB5845 /* Sources */ = {
			isa = PBXSourcesBuildPhase;
			buildActionMask = 2147483647;
			files = (
				5CEE3962277319D800EB5845 /* LoginView.swift in Sources */,
				5CEE3956277319CD00EB5845 /* ContentView.swift in Sources */,
				5C1D9F0127809E3D0077B8CC /* RedditView.swift in Sources */,
				5CEE3954277319CD00EB5845 /* DesignRemakesApp.swift in Sources */,
				5C1D9F0027809E3D0077B8CC /* Post.swift in Sources */,
				5C5B7BB2277E2AC600A75897 /* AirtagView.swift in Sources */,
				5C1D9F0227809E3D0077B8CC /* HomeFeed.swift in Sources */,
				5CCCC44B277472B400ED40CD /* PlaceList.swift in Sources */,
			);
			runOnlyForDeploymentPostprocessing = 0;
		};
/* End PBXSourcesBuildPhase section */

/* Begin XCBuildConfiguration section */
		5CEE395C277319CE00EB5845 /* Debug */ = {
			isa = XCBuildConfiguration;
			buildSettings = {
				ALWAYS_SEARCH_USER_PATHS = NO;
				CLANG_ANALYZER_NONNULL = YES;
				CLANG_ANALYZER_NUMBER_OBJECT_CONVERSION = YES_AGGRESSIVE;
				CLANG_CXX_LANGUAGE_STANDARD = "gnu++17";
				CLANG_CXX_LIBRARY = "libc++";
				CLANG_ENABLE_MODULES = YES;
				CLANG_ENABLE_OBJC_ARC = YES;
				CLANG_ENABLE_OBJC_WEAK = YES;
				CLANG_WARN_BLOCK_CAPTURE_AUTORELEASING = YES;
				CLANG_WARN_BOOL_CONVERSION = YES;
				CLANG_WARN_COMMA = YES;
				CLANG_WARN_CONSTANT_CONVERSION = YES;
				CLANG_WARN_DEPRECATED_OBJC_IMPLEMENTATIONS = YES;
				CLANG_WARN_DIRECT_OBJC_ISA_USAGE = YES_ERROR;
				CLANG_WARN_DOCUMENTATION_COMMENTS = YES;
				CLANG_WARN_EMPTY_BODY = YES;
				CLANG_WARN_ENUM_CONVERSION = YES;
				CLANG_WARN_INFINITE_RECURSION = YES;
				CLANG_WARN_INT_CONVERSION = YES;
				CLANG_WARN_NON_LITERAL_NULL_CONVERSION = YES;
				CLANG_WARN_OBJC_IMPLICIT_RETAIN_SELF = YES;
				CLANG_WARN_OBJC_LITERAL_CONVERSION = YES;
				CLANG_WARN_OBJC_ROOT_CLASS = YES_ERROR;
				CLANG_WARN_QUOTED_INCLUDE_IN_FRAMEWORK_HEADER = YES;
				CLANG_WARN_RANGE_LOOP_ANALYSIS = YES;
				CLANG_WARN_STRICT_PROTOTYPES = YES;
				CLANG_WARN_SUSPICIOUS_MOVE = YES;
				CLANG_WARN_UNGUARDED_AVAILABILITY = YES_AGGRESSIVE;
				CLANG_WARN_UNREACHABLE_CODE = YES;
				CLANG_WARN__DUPLICATE_METHOD_MATCH = YES;
				COPY_PHASE_STRIP = NO;
				DEBUG_INFORMATION_FORMAT = dwarf;
				ENABLE_STRICT_OBJC_MSGSEND = YES;
				ENABLE_TESTABILITY = YES;
				GCC_C_LANGUAGE_STANDARD = gnu11;
				GCC_DYNAMIC_NO_PIC = NO;
				GCC_NO_COMMON_BLOCKS = YES;
				GCC_OPTIMIZATION_LEVEL = 0;
				GCC_PREPROCESSOR_DEFINITIONS = (
					"DEBUG=1",
					"$(inherited)",
				);
				GCC_WARN_64_TO_32_BIT_CONVERSION = YES;
				GCC_WARN_ABOUT_RETURN_TYPE = YES_ERROR;
				GCC_WARN_UNDECLARED_SELECTOR = YES;
				GCC_WARN_UNINITIALIZED_AUTOS = YES_AGGRESSIVE;
				GCC_WARN_UNUSED_FUNCTION = YES;
				GCC_WARN_UNUSED_VARIABLE = YES;
				IPHONEOS_DEPLOYMENT_TARGET = 15.2;
				MTL_ENABLE_DEBUG_INFO = INCLUDE_SOURCE;
				MTL_FAST_MATH = YES;
				ONLY_ACTIVE_ARCH = YES;
				SDKROOT = iphoneos;
				SWIFT_ACTIVE_COMPILATION_CONDITIONS = DEBUG;
				SWIFT_OPTIMIZATION_LEVEL = "-Onone";
			};
			name = Debug;
		};
		5CEE395D277319CE00EB5845 /* Release */ = {
			isa = XCBuildConfiguration;
			buildSettings = {
				ALWAYS_SEARCH_USER_PATHS = NO;
				CLANG_ANALYZER_NONNULL = YES;
				CLANG_ANALYZER_NUMBER_OBJECT_CONVERSION = YES_AGGRESSIVE;
				CLANG_CXX_LANGUAGE_STANDARD = "gnu++17";
				CLANG_CXX_LIBRARY = "libc++";
				CLANG_ENABLE_MODULES = YES;
				CLANG_ENABLE_OBJC_ARC = YES;
				CLANG_ENABLE_OBJC_WEAK = YES;
				CLANG_WARN_BLOCK_CAPTURE_AUTORELEASING = YES;
				CLANG_WARN_BOOL_CONVERSION = YES;
				CLANG_WARN_COMMA = YES;
				CLANG_WARN_CONSTANT_CONVERSION = YES;
				CLANG_WARN_DEPRECATED_OBJC_IMPLEMENTATIONS = YES;
				CLANG_WARN_DIRECT_OBJC_ISA_USAGE = YES_ERROR;
				CLANG_WARN_DOCUMENTATION_COMMENTS = YES;
				CLANG_WARN_EMPTY_BODY = YES;
				CLANG_WARN_ENUM_CONVERSION = YES;
				CLANG_WARN_INFINITE_RECURSION = YES;
				CLANG_WARN_INT_CONVERSION = YES;
				CLANG_WARN_NON_LITERAL_NULL_CONVERSION = YES;
				CLANG_WARN_OBJC_IMPLICIT_RETAIN_SELF = YES;
				CLANG_WARN_OBJC_LITERAL_CONVERSION = YES;
				CLANG_WARN_OBJC_ROOT_CLASS = YES_ERROR;
				CLANG_WARN_QUOTED_INCLUDE_IN_FRAMEWORK_HEADER = YES;
				CLANG_WARN_RANGE_LOOP_ANALYSIS = YES;
				CLANG_WARN_STRICT_PROTOTYPES = YES;
				CLANG_WARN_SUSPICIOUS_MOVE = YES;
				CLANG_WARN_UNGUARDED_AVAILABILITY = YES_AGGRESSIVE;
				CLANG_WARN_UNREACHABLE_CODE = YES;
				CLANG_WARN__DUPLICATE_METHOD_MATCH = YES;
				COPY_PHASE_STRIP = NO;
				DEBUG_INFORMATION_FORMAT = "dwarf-with-dsym";
				ENABLE_NS_ASSERTIONS = NO;
				ENABLE_STRICT_OBJC_MSGSEND = YES;
				GCC_C_LANGUAGE_STANDARD = gnu11;
				GCC_NO_COMMON_BLOCKS = YES;
				GCC_WARN_64_TO_32_BIT_CONVERSION = YES;
				GCC_WARN_ABOUT_RETURN_TYPE = YES_ERROR;
				GCC_WARN_UNDECLARED_SELECTOR = YES;
				GCC_WARN_UNINITIALIZED_AUTOS = YES_AGGRESSIVE;
				GCC_WARN_UNUSED_FUNCTION = YES;
				GCC_WARN_UNUSED_VARIABLE = YES;
				IPHONEOS_DEPLOYMENT_TARGET = 15.2;
				MTL_ENABLE_DEBUG_INFO = NO;
				MTL_FAST_MATH = YES;
				SDKROOT = iphoneos;
				SWIFT_COMPILATION_MODE = wholemodule;
				SWIFT_OPTIMIZATION_LEVEL = "-O";
				VALIDATE_PRODUCT = YES;
			};
			name = Release;
		};
		5CEE395F277319CE00EB5845 /* Debug */ = {
			isa = XCBuildConfiguration;
			buildSettings = {
				ASSETCATALOG_COMPILER_APPICON_NAME = AppIcon;
				ASSETCATALOG_COMPILER_GLOBAL_ACCENT_COLOR_NAME = AccentColor;
				CODE_SIGN_STYLE = Automatic;
				CURRENT_PROJECT_VERSION = 1;
				DEVELOPMENT_ASSET_PATHS = "\"DesignRemakes/Preview Content\"";
				DEVELOPMENT_TEAM = 6YDE2UY2S5;
				ENABLE_PREVIEWS = YES;
				GENERATE_INFOPLIST_FILE = YES;
				INFOPLIST_KEY_UIApplicationSceneManifest_Generation = YES;
				INFOPLIST_KEY_UIApplicationSupportsIndirectInputEvents = YES;
				INFOPLIST_KEY_UILaunchScreen_Generation = YES;
				INFOPLIST_KEY_UISupportedInterfaceOrientations_iPad = "UIInterfaceOrientationPortrait UIInterfaceOrientationPortraitUpsideDown UIInterfaceOrientationLandscapeLeft UIInterfaceOrientationLandscapeRight";
				INFOPLIST_KEY_UISupportedInterfaceOrientations_iPhone = "UIInterfaceOrientationPortrait UIInterfaceOrientationLandscapeLeft UIInterfaceOrientationLandscapeRight";
				LD_RUNPATH_SEARCH_PATHS = (
					"$(inherited)",
					"@executable_path/Frameworks",
				);
				MARKETING_VERSION = 1.0;
				PRODUCT_BUNDLE_IDENTIFIER = fschweizer.DesignRemakes;
				PRODUCT_NAME = "$(TARGET_NAME)";
				SWIFT_EMIT_LOC_STRINGS = YES;
				SWIFT_VERSION = 5.0;
				TARGETED_DEVICE_FAMILY = "1,2";
			};
			name = Debug;
		};
		5CEE3960277319CE00EB5845 /* Release */ = {
			isa = XCBuildConfiguration;
			buildSettings = {
				ASSETCATALOG_COMPILER_APPICON_NAME = AppIcon;
				ASSETCATALOG_COMPILER_GLOBAL_ACCENT_COLOR_NAME = AccentColor;
				CODE_SIGN_STYLE = Automatic;
				CURRENT_PROJECT_VERSION = 1;
				DEVELOPMENT_ASSET_PATHS = "\"DesignRemakes/Preview Content\"";
				DEVELOPMENT_TEAM = 6YDE2UY2S5;
				ENABLE_PREVIEWS = YES;
				GENERATE_INFOPLIST_FILE = YES;
				INFOPLIST_KEY_UIApplicationSceneManifest_Generation = YES;
				INFOPLIST_KEY_UIApplicationSupportsIndirectInputEvents = YES;
				INFOPLIST_KEY_UILaunchScreen_Generation = YES;
				INFOPLIST_KEY_UISupportedInterfaceOrientations_iPad = "UIInterfaceOrientationPortrait UIInterfaceOrientationPortraitUpsideDown UIInterfaceOrientationLandscapeLeft UIInterfaceOrientationLandscapeRight";
				INFOPLIST_KEY_UISupportedInterfaceOrientations_iPhone = "UIInterfaceOrientationPortrait UIInterfaceOrientationLandscapeLeft UIInterfaceOrientationLandscapeRight";
				LD_RUNPATH_SEARCH_PATHS = (
					"$(inherited)",
					"@executable_path/Frameworks",
				);
				MARKETING_VERSION = 1.0;
				PRODUCT_BUNDLE_IDENTIFIER = fschweizer.DesignRemakes;
				PRODUCT_NAME = "$(TARGET_NAME)";
				SWIFT_EMIT_LOC_STRINGS = YES;
				SWIFT_VERSION = 5.0;
				TARGETED_DEVICE_FAMILY = "1,2";
			};
			name = Release;
		};
/* End XCBuildConfiguration section */

/* Begin XCConfigurationList section */
		5CEE394B277319CD00EB5845 /* Build configuration list for PBXProject "DesignRemakes" */ = {
			isa = XCConfigurationList;
			buildConfigurations = (
				5CEE395C277319CE00EB5845 /* Debug */,
				5CEE395D277319CE00EB5845 /* Release */,
			);
			defaultConfigurationIsVisible = 0;
			defaultConfigurationName = Release;
		};
		5CEE395E277319CE00EB5845 /* Build configuration list for PBXNativeTarget "DesignRemakes" */ = {
			isa = XCConfigurationList;
			buildConfigurations = (
				5CEE395F277319CE00EB5845 /* Debug */,
				5CEE3960277319CE00EB5845 /* Release */,
			);
			defaultConfigurationIsVisible = 0;
			defaultConfigurationName = Release;
		};
/* End XCConfigurationList section */
	};
	rootObject = 5CEE3948277319CD00EB5845 /* Project object */;
}
